
Microsoft Visual Studio Solution File, Format Version 12.00
# Visual Studio 2013
VisualStudioVersion = 12.0.30723.0
MinimumVisualStudioVersion = 10.0.40219.1
Project("{FAE04EC0-301F-11D3-BF4B-00C04F79EFBC}") = "HotDogLover", "HotDogLover\HotDogLover.csproj", "{92AA2CD0-5385-4ED9-84E3-8FBE8649D81B}"
EndProject
Project("{FAE04EC0-301F-11D3-BF4B-00C04F79EFBC}") = "HotDogLover.Tests", "HotDogLover.Tests\HotDogLover.Tests.csproj", "{F320512E-81A2-4CB3-8545-1F26A86A5A85}"
EndProject
Global
	GlobalSection(SolutionConfigurationPlatforms) = preSolution
		Debug|Any CPU = Debug|Any CPU
		Release|Any CPU = Release|Any CPU
	EndGlobalSection
	GlobalSection(ProjectConfigurationPlatforms) = postSolution
		{92AA2CD0-5385-4ED9-84E3-8FBE8649D81B}.Debug|Any CPU.ActiveCfg = Debug|Any CPU
		{92AA2CD0-5385-4ED9-84E3-8FBE8649D81B}.Debug|Any CPU.Build.0 = Debug|Any CPU
		{92AA2CD0-5385-4ED9-84E3-8FBE8649D81B}.Release|Any CPU.ActiveCfg = Release|Any CPU
		{92AA2CD0-5385-4ED9-84E3-8FBE8649D81B}.Release|Any CPU.Build.0 = Release|Any CPU
		{F320512E-81A2-4CB3-8545-1F26A86A5A85}.Debug|Any CPU.ActiveCfg = Debug|Any CPU
		{F320512E-81A2-4CB3-8545-1F26A86A5A85}.Debug|Any CPU.Build.0 = Debug|Any CPU
		{F320512E-81A2-4CB3-8545-1F26A86A5A85}.Release|Any CPU.ActiveCfg = Release|Any CPU
		{F320512E-81A2-4CB3-8545-1F26A86A5A85}.Release|Any CPU.Build.0 = Release|Any CPU
	EndGlobalSection
	GlobalSection(SolutionProperties) = preSolution
		HideSolutionNode = FALSE
	EndGlobalSection
EndGlobal
